
Microsoft Visual Studio Solution File, Format Version 12.00
# Visual Studio Version 17
VisualStudioVersion = 17.9.34701.34
MinimumVisualStudioVersion = 10.0.40219.1
Project("{FAE04EC0-301F-11D3-BF4B-00C04F79EFBC}") = "WebApplication2", "WebApplication2\WebApplication2.csproj", "{11F07A22-859E-4A9C-984E-22FC81004921}"
EndProject
Global
	GlobalSection(SolutionConfigurationPlatforms) = preSolution
		Debug|Any CPU = Debug|Any CPU
		Release|Any CPU = Release|Any CPU
	EndGlobalSection
	GlobalSection(ProjectConfigurationPlatforms) = postSolution
		{11F07A22-859E-4A9C-984E-22FC81004921}.Debug|Any CPU.ActiveCfg = Debug|Any CPU
		{11F07A22-859E-4A9C-984E-22FC81004921}.Debug|Any CPU.Build.0 = Debug|Any CPU
		{11F07A22-859E-4A9C-984E-22FC81004921}.Release|Any CPU.ActiveCfg = Release|Any CPU
		{11F07A22-859E-4A9C-984E-22FC81004921}.Release|Any CPU.Build.0 = Release|Any CPU
	EndGlobalSection
	GlobalSection(SolutionProperties) = preSolution
		HideSolutionNode = FALSE
	EndGlobalSection
	GlobalSection(ExtensibilityGlobals) = postSolution
		SolutionGuid = {1AC003CC-2E74-4A00-8F32-1A6DE6456CA3}
	EndGlobalSection
EndGlobal
